
Microsoft Visual Studio Solution File, Format Version 12.00
# Visual Studio Version 17
VisualStudioVersion = 17.6.33829.357
MinimumVisualStudioVersion = 10.0.40219.1
Project("{FAE04EC0-301F-11D3-BF4B-00C04F79EFBC}") = "RunGroupWebApp", "RunGroupWebApp\RunGroupWebApp.csproj", "{DDEEA6E4-8C59-4691-B74C-6B3122DF5E9E}"
EndProject
Global
	GlobalSection(SolutionConfigurationPlatforms) = preSolution
		Debug|Any CPU = Debug|Any CPU
		Release|Any CPU = Release|Any CPU
	EndGlobalSection
	GlobalSection(ProjectConfigurationPlatforms) = postSolution
		{DDEEA6E4-8C59-4691-B74C-6B3122DF5E9E}.Debug|Any CPU.ActiveCfg = Debug|Any CPU
		{DDEEA6E4-8C59-4691-B74C-6B3122DF5E9E}.Debug|Any CPU.Build.0 = Debug|Any CPU
		{DDEEA6E4-8C59-4691-B74C-6B3122DF5E9E}.Release|Any CPU.ActiveCfg = Release|Any CPU
		{DDEEA6E4-8C59-4691-B74C-6B3122DF5E9E}.Release|Any CPU.Build.0 = Release|Any CPU
	EndGlobalSection
	GlobalSection(SolutionProperties) = preSolution
		HideSolutionNode = FALSE
	EndGlobalSection
	GlobalSection(ExtensibilityGlobals) = postSolution
		SolutionGuid = {A0141503-E18B-402B-9DB1-862342F3D42C}
	EndGlobalSection
EndGlobal
